
Microsoft Visual Studio Solution File, Format Version 12.00
# Visual Studio Version 17
VisualStudioVersion = 17.5.33530.505
MinimumVisualStudioVersion = 10.0.40219.1
Project("{9A19103F-16F7-4668-BE54-9A1E7A4F7556}") = "DumpViewer", "DumpViewer\DumpViewer.csproj", "{EE0E88AE-EBBA-44C7-BC63-96D3C39C7A6A}"
EndProject
Global
	GlobalSection(SolutionConfigurationPlatforms) = preSolution
		Debug|Any CPU = Debug|Any CPU
		Release|Any CPU = Release|Any CPU
	EndGlobalSection
	GlobalSection(ProjectConfigurationPlatforms) = postSolution
		{EE0E88AE-EBBA-44C7-BC63-96D3C39C7A6A}.Debug|Any CPU.ActiveCfg = Debug|Any CPU
		{EE0E88AE-EBBA-44C7-BC63-96D3C39C7A6A}.Debug|Any CPU.Build.0 = Debug|Any CPU
		{EE0E88AE-EBBA-44C7-BC63-96D3C39C7A6A}.Release|Any CPU.ActiveCfg = Debug|Any CPU
		{EE0E88AE-EBBA-44C7-BC63-96D3C39C7A6A}.Release|Any CPU.Build.0 = Debug|Any CPU
	EndGlobalSection
	GlobalSection(SolutionProperties) = preSolution
		HideSolutionNode = FALSE
	EndGlobalSection
	GlobalSection(ExtensibilityGlobals) = postSolution
		SolutionGuid = {B6DAE849-7DE4-4E5E-A18E-6F49FAA79587}
	EndGlobalSection
EndGlobal
